
Microsoft Visual Studio Solution File, Format Version 12.00
# Visual Studio 15
VisualStudioVersion = 15.0.27130.2010
MinimumVisualStudioVersion = 10.0.40219.1
Project("{FAE04EC0-301F-11D3-BF4B-00C04F79EFBC}") = "SalehGessingNumber", "SalehGessingNumber\SalehGessingNumber.csproj", "{6156F25C-943D-47A8-A6D9-4534B1F51954}"
EndProject
Global
	GlobalSection(SolutionConfigurationPlatforms) = preSolution
		Debug|Any CPU = Debug|Any CPU
		Release|Any CPU = Release|Any CPU
	EndGlobalSection
	GlobalSection(ProjectConfigurationPlatforms) = postSolution
		{6156F25C-943D-47A8-A6D9-4534B1F51954}.Debug|Any CPU.ActiveCfg = Debug|Any CPU
		{6156F25C-943D-47A8-A6D9-4534B1F51954}.Debug|Any CPU.Build.0 = Debug|Any CPU
		{6156F25C-943D-47A8-A6D9-4534B1F51954}.Release|Any CPU.ActiveCfg = Release|Any CPU
		{6156F25C-943D-47A8-A6D9-4534B1F51954}.Release|Any CPU.Build.0 = Release|Any CPU
	EndGlobalSection
	GlobalSection(SolutionProperties) = preSolution
		HideSolutionNode = FALSE
	EndGlobalSection
	GlobalSection(ExtensibilityGlobals) = postSolution
		SolutionGuid = {D3CA0E76-8B55-4CB7-9C40-B8BC0A8B4524}
	EndGlobalSection
EndGlobal
